<Solution>
  <Folder Name="/API/">
    <Project Path="EcoFleet.API/EcoFleet.API.csproj" />
  </Folder>
  <Folder Name="/Core/">
    <Project Path="EcoFleet.Application/EcoFleet.Application.csproj" />
    <Project Path="EcoFleet.Domain/EcoFleet.Domain.csproj" />
  </Folder>
  <Folder Name="/Infrastructure/">
    <Project Path="EcoFleet.Infrastructure/EcoFleet.Infrastructure.csproj" />
  </Folder>
  <Folder Name="/Tests/" />
</Solution>
